
Microsoft Visual Studio Solution File, Format Version 12.00
# Visual Studio Version 16
VisualStudioVersion = 16.0.31624.102
MinimumVisualStudioVersion = 10.0.40219.1
Project("{8BC9CEB8-8B4A-11D0-8D11-00A0C91BC942}") = "C11Standard", "C11Standard\C11Standard.vcxproj", "{2EFBCB9E-39F7-4648-B356-A0BD93D5E352}"
EndProject
Project("{8BC9CEB8-8B4A-11D0-8D11-00A0C91BC942}") = "LinuxLib", "LinuxLib\LinuxLib.vcxproj", "{94B8C8A4-9174-4D0F-B8BA-75B1F2814F41}"
EndProject
Project("{8BC9CEB8-8B4A-11D0-8D11-00A0C91BC942}") = "MFCLibrary", "MFCLibrary\MFCLibrary.vcxproj", "{AEC06652-BD20-43A0-8386-1BF5047DEB79}"
EndProject
Project("{8BC9CEB8-8B4A-11D0-8D11-00A0C91BC942}") = "RunTimeLib", "RunTimeLib\RunTimeLib.vcxproj", "{97FAE480-E7FC-489D-8840-AE3FCEA506F4}"
EndProject
Project("{8BC9CEB8-8B4A-11D0-8D11-00A0C91BC942}") = "Win32API", "Win32API\Win32API.vcxproj", "{248A9585-84BD-426A-A4AE-0FB5BB7093C0}"
EndProject
Global
	GlobalSection(SolutionConfigurationPlatforms) = preSolution
		Debug|ARM = Debug|ARM
		Debug|ARM64 = Debug|ARM64
		Debug|x64 = Debug|x64
		Debug|x86 = Debug|x86
		Release|ARM = Release|ARM
		Release|ARM64 = Release|ARM64
		Release|x64 = Release|x64
		Release|x86 = Release|x86
	EndGlobalSection
	GlobalSection(ProjectConfigurationPlatforms) = postSolution
		{2EFBCB9E-39F7-4648-B356-A0BD93D5E352}.Debug|ARM.ActiveCfg = Debug|Win32
		{2EFBCB9E-39F7-4648-B356-A0BD93D5E352}.Debug|ARM64.ActiveCfg = Debug|Win32
		{2EFBCB9E-39F7-4648-B356-A0BD93D5E352}.Debug|x64.ActiveCfg = Debug|x64
		{2EFBCB9E-39F7-4648-B356-A0BD93D5E352}.Debug|x64.Build.0 = Debug|x64
		{2EFBCB9E-39F7-4648-B356-A0BD93D5E352}.Debug|x86.ActiveCfg = Debug|Win32
		{2EFBCB9E-39F7-4648-B356-A0BD93D5E352}.Debug|x86.Build.0 = Debug|Win32
		{2EFBCB9E-39F7-4648-B356-A0BD93D5E352}.Release|ARM.ActiveCfg = Release|Win32
		{2EFBCB9E-39F7-4648-B356-A0BD93D5E352}.Release|ARM64.ActiveCfg = Release|Win32
		{2EFBCB9E-39F7-4648-B356-A0BD93D5E352}.Release|x64.ActiveCfg = Release|x64
		{2EFBCB9E-39F7-4648-B356-A0BD93D5E352}.Release|x64.Build.0 = Release|x64
		{2EFBCB9E-39F7-4648-B356-A0BD93D5E352}.Release|x86.ActiveCfg = Release|Win32
		{2EFBCB9E-39F7-4648-B356-A0BD93D5E352}.Release|x86.Build.0 = Release|Win32
		{94B8C8A4-9174-4D0F-B8BA-75B1F2814F41}.Debug|ARM.ActiveCfg = Debug|ARM
		{94B8C8A4-9174-4D0F-B8BA-75B1F2814F41}.Debug|ARM.Build.0 = Debug|ARM
		{94B8C8A4-9174-4D0F-B8BA-75B1F2814F41}.Debug|ARM.Deploy.0 = Debug|ARM
		{94B8C8A4-9174-4D0F-B8BA-75B1F2814F41}.Debug|ARM64.ActiveCfg = Debug|ARM64
		{94B8C8A4-9174-4D0F-B8BA-75B1F2814F41}.Debug|ARM64.Build.0 = Debug|ARM64
		{94B8C8A4-9174-4D0F-B8BA-75B1F2814F41}.Debug|ARM64.Deploy.0 = Debug|ARM64
		{94B8C8A4-9174-4D0F-B8BA-75B1F2814F41}.Debug|x64.ActiveCfg = Debug|x64
		{94B8C8A4-9174-4D0F-B8BA-75B1F2814F41}.Debug|x64.Build.0 = Debug|x64
		{94B8C8A4-9174-4D0F-B8BA-75B1F2814F41}.Debug|x64.Deploy.0 = Debug|x64
		{94B8C8A4-9174-4D0F-B8BA-75B1F2814F41}.Debug|x86.ActiveCfg = Debug|x86
		{94B8C8A4-9174-4D0F-B8BA-75B1F2814F41}.Debug|x86.Build.0 = Debug|x86
		{94B8C8A4-9174-4D0F-B8BA-75B1F2814F41}.Debug|x86.Deploy.0 = Debug|x86
		{94B8C8A4-9174-4D0F-B8BA-75B1F2814F41}.Release|ARM.ActiveCfg = Release|ARM
		{94B8C8A4-9174-4D0F-B8BA-75B1F2814F41}.Release|ARM.Build.0 = Release|ARM
		{94B8C8A4-9174-4D0F-B8BA-75B1F2814F41}.Release|ARM.Deploy.0 = Release|ARM
		{94B8C8A4-9174-4D0F-B8BA-75B1F2814F41}.Release|ARM64.ActiveCfg = Release|ARM64
		{94B8C8A4-9174-4D0F-B8BA-75B1F2814F41}.Release|ARM64.Build.0 = Release|ARM64
		{94B8C8A4-9174-4D0F-B8BA-75B1F2814F41}.Release|ARM64.Deploy.0 = Release|ARM64
		{94B8C8A4-9174-4D0F-B8BA-75B1F2814F41}.Release|x64.ActiveCfg = Release|x64
		{94B8C8A4-9174-4D0F-B8BA-75B1F2814F41}.Release|x64.Build.0 = Release|x64
		{94B8C8A4-9174-4D0F-B8BA-75B1F2814F41}.Release|x64.Deploy.0 = Release|x64
		{94B8C8A4-9174-4D0F-B8BA-75B1F2814F41}.Release|x86.ActiveCfg = Release|x86
		{94B8C8A4-9174-4D0F-B8BA-75B1F2814F41}.Release|x86.Build.0 = Release|x86
		{94B8C8A4-9174-4D0F-B8BA-75B1F2814F41}.Release|x86.Deploy.0 = Release|x86
		{AEC06652-BD20-43A0-8386-1BF5047DEB79}.Debug|ARM.ActiveCfg = Debug|Win32
		{AEC06652-BD20-43A0-8386-1BF5047DEB79}.Debug|ARM64.ActiveCfg = Debug|Win32
		{AEC06652-BD20-43A0-8386-1BF5047DEB79}.Debug|x64.ActiveCfg = Debug|x64
		{AEC06652-BD20-43A0-8386-1BF5047DEB79}.Debug|x64.Build.0 = Debug|x64
		{AEC06652-BD20-43A0-8386-1BF5047DEB79}.Debug|x86.ActiveCfg = Debug|Win32
		{AEC06652-BD20-43A0-8386-1BF5047DEB79}.Debug|x86.Build.0 = Debug|Win32
		{AEC06652-BD20-43A0-8386-1BF5047DEB79}.Release|ARM.ActiveCfg = Release|Win32
		{AEC06652-BD20-43A0-8386-1BF5047DEB79}.Release|ARM64.ActiveCfg = Release|Win32
		{AEC06652-BD20-43A0-8386-1BF5047DEB79}.Release|x64.ActiveCfg = Release|x64
		{AEC06652-BD20-43A0-8386-1BF5047DEB79}.Release|x64.Build.0 = Release|x64
		{AEC06652-BD20-43A0-8386-1BF5047DEB79}.Release|x86.ActiveCfg = Release|Win32
		{AEC06652-BD20-43A0-8386-1BF5047DEB79}.Release|x86.Build.0 = Release|Win32
		{97FAE480-E7FC-489D-8840-AE3FCEA506F4}.Debug|ARM.ActiveCfg = Debug|Win32
		{97FAE480-E7FC-489D-8840-AE3FCEA506F4}.Debug|ARM64.ActiveCfg = Debug|Win32
		{97FAE480-E7FC-489D-8840-AE3FCEA506F4}.Debug|x64.ActiveCfg = Debug|x64
		{97FAE480-E7FC-489D-8840-AE3FCEA506F4}.Debug|x64.Build.0 = Debug|x64
		{97FAE480-E7FC-489D-8840-AE3FCEA506F4}.Debug|x86.ActiveCfg = Debug|Win32
		{97FAE480-E7FC-489D-8840-AE3FCEA506F4}.Debug|x86.Build.0 = Debug|Win32
		{97FAE480-E7FC-489D-8840-AE3FCEA506F4}.Release|ARM.ActiveCfg = Release|Win32
		{97FAE480-E7FC-489D-8840-AE3FCEA506F4}.Release|ARM64.ActiveCfg = Release|Win32
		{97FAE480-E7FC-489D-8840-AE3FCEA506F4}.Release|x64.ActiveCfg = Release|x64
		{97FAE480-E7FC-489D-8840-AE3FCEA506F4}.Release|x64.Build.0 = Release|x64
		{97FAE480-E7FC-489D-8840-AE3FCEA506F4}.Release|x86.ActiveCfg = Release|Win32
		{97FAE480-E7FC-489D-8840-AE3FCEA506F4}.Release|x86.Build.0 = Release|Win32
		{248A9585-84BD-426A-A4AE-0FB5BB7093C0}.Debug|ARM.ActiveCfg = Debug|Win32
		{248A9585-84BD-426A-A4AE-0FB5BB7093C0}.Debug|ARM64.ActiveCfg = Debug|Win32
		{248A9585-84BD-426A-A4AE-0FB5BB7093C0}.Debug|x64.ActiveCfg = Debug|x64
		{248A9585-84BD-426A-A4AE-0FB5BB7093C0}.Debug|x64.Build.0 = Debug|x64
		{248A9585-84BD-426A-A4AE-0FB5BB7093C0}.Debug|x86.ActiveCfg = Debug|Win32
		{248A9585-84BD-426A-A4AE-0FB5BB7093C0}.Debug|x86.Build.0 = Debug|Win32
		{248A9585-84BD-426A-A4AE-0FB5BB7093C0}.Release|ARM.ActiveCfg = Release|Win32
		{248A9585-84BD-426A-A4AE-0FB5BB7093C0}.Release|ARM64.ActiveCfg = Release|Win32
		{248A9585-84BD-426A-A4AE-0FB5BB7093C0}.Release|x64.ActiveCfg = Release|x64
		{248A9585-84BD-426A-A4AE-0FB5BB7093C0}.Release|x64.Build.0 = Release|x64
		{248A9585-84BD-426A-A4AE-0FB5BB7093C0}.Release|x86.ActiveCfg = Release|Win32
		{248A9585-84BD-426A-A4AE-0FB5BB7093C0}.Release|x86.Build.0 = Release|Win32
	EndGlobalSection
	GlobalSection(SolutionProperties) = preSolution
		HideSolutionNode = FALSE
	EndGlobalSection
	GlobalSection(ExtensibilityGlobals) = postSolution
		SolutionGuid = {34AFC583-F249-4423-B0C5-B8F2DEBC7194}
	EndGlobalSection
EndGlobal
